
Microsoft Visual Studio Solution File, Format Version 12.00
# Visual Studio Version 17
VisualStudioVersion = 17.0.32014.148
MinimumVisualStudioVersion = 10.0.40219.1
Project("{9A19103F-16F7-4668-BE54-9A1E7A4F7556}") = "RAYIN", "RAYIN.csproj", "{86F2B91E-CD44-4910-B89B-DD4B81EF7E2B}"
EndProject
Project("{9A19103F-16F7-4668-BE54-9A1E7A4F7556}") = "RAYIN_Utility", "..\RAYIN_Utility\RAYIN_Utility.csproj", "{7144E78D-0BE0-4DEA-BD03-2E266BB06A0F}"
EndProject
Project("{9A19103F-16F7-4668-BE54-9A1E7A4F7556}") = "RAYIN_DataAccess", "..\RAYIN_DataAccess\RAYIN_DataAccess.csproj", "{D0A9B21C-AF1A-420F-96D3-54B20437B6B6}"
EndProject
Project("{9A19103F-16F7-4668-BE54-9A1E7A4F7556}") = "RAYIN_Models", "..\RAYIN_Models\RAYIN_Models.csproj", "{70DCC56E-15D0-4751-BD47-EAC5EAC719B4}"
EndProject
Global
	GlobalSection(SolutionConfigurationPlatforms) = preSolution
		Debug|Any CPU = Debug|Any CPU
		Release|Any CPU = Release|Any CPU
	EndGlobalSection
	GlobalSection(ProjectConfigurationPlatforms) = postSolution
		{86F2B91E-CD44-4910-B89B-DD4B81EF7E2B}.Debug|Any CPU.ActiveCfg = Debug|Any CPU
		{86F2B91E-CD44-4910-B89B-DD4B81EF7E2B}.Debug|Any CPU.Build.0 = Debug|Any CPU
		{86F2B91E-CD44-4910-B89B-DD4B81EF7E2B}.Release|Any CPU.ActiveCfg = Release|Any CPU
		{86F2B91E-CD44-4910-B89B-DD4B81EF7E2B}.Release|Any CPU.Build.0 = Release|Any CPU
		{7144E78D-0BE0-4DEA-BD03-2E266BB06A0F}.Debug|Any CPU.ActiveCfg = Debug|Any CPU
		{7144E78D-0BE0-4DEA-BD03-2E266BB06A0F}.Debug|Any CPU.Build.0 = Debug|Any CPU
		{7144E78D-0BE0-4DEA-BD03-2E266BB06A0F}.Release|Any CPU.ActiveCfg = Release|Any CPU
		{7144E78D-0BE0-4DEA-BD03-2E266BB06A0F}.Release|Any CPU.Build.0 = Release|Any CPU
		{D0A9B21C-AF1A-420F-96D3-54B20437B6B6}.Debug|Any CPU.ActiveCfg = Debug|Any CPU
		{D0A9B21C-AF1A-420F-96D3-54B20437B6B6}.Debug|Any CPU.Build.0 = Debug|Any CPU
		{D0A9B21C-AF1A-420F-96D3-54B20437B6B6}.Release|Any CPU.ActiveCfg = Release|Any CPU
		{D0A9B21C-AF1A-420F-96D3-54B20437B6B6}.Release|Any CPU.Build.0 = Release|Any CPU
		{70DCC56E-15D0-4751-BD47-EAC5EAC719B4}.Debug|Any CPU.ActiveCfg = Debug|Any CPU
		{70DCC56E-15D0-4751-BD47-EAC5EAC719B4}.Debug|Any CPU.Build.0 = Debug|Any CPU
		{70DCC56E-15D0-4751-BD47-EAC5EAC719B4}.Release|Any CPU.ActiveCfg = Release|Any CPU
		{70DCC56E-15D0-4751-BD47-EAC5EAC719B4}.Release|Any CPU.Build.0 = Release|Any CPU
	EndGlobalSection
	GlobalSection(SolutionProperties) = preSolution
		HideSolutionNode = FALSE
	EndGlobalSection
	GlobalSection(ExtensibilityGlobals) = postSolution
		SolutionGuid = {757BDECD-8D65-49A1-ADFF-1CB4021CCDFF}
	EndGlobalSection
EndGlobal
